
Microsoft Visual Studio Solution File, Format Version 12.00
# Visual Studio 2013
VisualStudioVersion = 12.0.31101.0
MinimumVisualStudioVersion = 10.0.40219.1
Project("{2150E333-8FDC-42A3-9474-1A3956D46DE8}") = "Solution Items", "Solution Items", "{76A994BF-9785-4743-8833-B7CC3D349BE4}"
	ProjectSection(SolutionItems) = preProject
		Microsoft.SharePoint.Client.WorkflowServices.dll = Microsoft.SharePoint.Client.WorkflowServices.dll
		provision-teamsite.ps1 = provision-teamsite.ps1
		ReadMe.docx = ReadMe.docx
		SP-PROVISIONING-SCRIPT.ps1 = SP-PROVISIONING-SCRIPT.ps1
	EndProjectSection
EndProject
Global
	GlobalSection(SolutionProperties) = preSolution
		HideSolutionNode = FALSE
	EndGlobalSection
EndGlobal
